
Microsoft Visual Studio Solution File, Format Version 12.00
# Visual Studio Version 17
VisualStudioVersion = 17.7.34221.43
MinimumVisualStudioVersion = 10.0.40219.1
Project("{FAE04EC0-301F-11D3-BF4B-00C04F79EFBC}") = "GroceryStoreAPI", "GroceryStoreAPI.csproj", "{239D16D3-EC0D-41A5-B374-FA1BDA3C5EE4}"
EndProject
Project("{FAE04EC0-301F-11D3-BF4B-00C04F79EFBC}") = "MudblazorStore", "..\MudblazorStore\MudblazorStore.csproj", "{AE62EB9D-122E-46D9-AB9E-E56BE9BB95CF}"
EndProject
Global
	GlobalSection(SolutionConfigurationPlatforms) = preSolution
		Debug|Any CPU = Debug|Any CPU
		Release|Any CPU = Release|Any CPU
	EndGlobalSection
	GlobalSection(ProjectConfigurationPlatforms) = postSolution
		{239D16D3-EC0D-41A5-B374-FA1BDA3C5EE4}.Debug|Any CPU.ActiveCfg = Debug|Any CPU
		{239D16D3-EC0D-41A5-B374-FA1BDA3C5EE4}.Debug|Any CPU.Build.0 = Debug|Any CPU
		{239D16D3-EC0D-41A5-B374-FA1BDA3C5EE4}.Release|Any CPU.ActiveCfg = Release|Any CPU
		{239D16D3-EC0D-41A5-B374-FA1BDA3C5EE4}.Release|Any CPU.Build.0 = Release|Any CPU
		{AE62EB9D-122E-46D9-AB9E-E56BE9BB95CF}.Debug|Any CPU.ActiveCfg = Debug|Any CPU
		{AE62EB9D-122E-46D9-AB9E-E56BE9BB95CF}.Debug|Any CPU.Build.0 = Debug|Any CPU
		{AE62EB9D-122E-46D9-AB9E-E56BE9BB95CF}.Release|Any CPU.ActiveCfg = Release|Any CPU
		{AE62EB9D-122E-46D9-AB9E-E56BE9BB95CF}.Release|Any CPU.Build.0 = Release|Any CPU
	EndGlobalSection
	GlobalSection(SolutionProperties) = preSolution
		HideSolutionNode = FALSE
	EndGlobalSection
	GlobalSection(ExtensibilityGlobals) = postSolution
		SolutionGuid = {BE788BB8-42A7-4798-A3AC-C0FA5385E59C}
	EndGlobalSection
EndGlobal
